// !$*UTF8*$!
{
	archiveVersion = 1;
	classes = {
	};
	objectVersion = 77;
	objects = {

/* Begin PBXBuildFile section */
		366BC4D82E3F094A001581B3 /* RxCocoa in Frameworks */ = {isa = PBXBuildFile; productRef = 366BC4D72E3F094A001581B3 /* RxCocoa */; };
		366BC4DA2E3F094A001581B3 /* RxRelay in Frameworks */ = {isa = PBXBuildFile; productRef = 366BC4D92E3F094A001581B3 /* RxRelay */; };
		366BC4DD2E3F0957001581B3 /* SnapKit in Frameworks */ = {isa = PBXBuildFile; productRef = 366BC4DC2E3F0957001581B3 /* SnapKit */; };
		366BC4E02E3F096A001581B3 /* SDWebImage in Frameworks */ = {isa = PBXBuildFile; productRef = 366BC4DF2E3F096A001581B3 /* SDWebImage */; };
/* End PBXBuildFile section */

/* Begin PBXContainerItemProxy section */
		366BC4AF2E3E2A22001581B3 /* PBXContainerItemProxy */ = {
			isa = PBXContainerItemProxy;
			containerPortal = 366BC48D2E3E2A21001581B3 /* Project object */;
			proxyType = 1;
			remoteGlobalIDString = 366BC4942E3E2A21001581B3;
			remoteInfo = Kompas.id;
		};
		366BC4B92E3E2A22001581B3 /* PBXContainerItemProxy */ = {
			isa = PBXContainerItemProxy;
			containerPortal = 366BC48D2E3E2A21001581B3 /* Project object */;
			proxyType = 1;
			remoteGlobalIDString = 366BC4942E3E2A21001581B3;
			remoteInfo = Kompas.id;
		};
/* End PBXContainerItemProxy section */

/* Begin PBXFileReference section */
		366BC4952E3E2A21001581B3 /* Kompas.id.app */ = {isa = PBXFileReference; explicitFileType = wrapper.application; includeInIndex = 0; path = Kompas.id.app; sourceTree = BUILT_PRODUCTS_DIR; };
		366BC4AE2E3E2A22001581B3 /* Kompas.idTests.xctest */ = {isa = PBXFileReference; explicitFileType = wrapper.cfbundle; includeInIndex = 0; path = Kompas.idTests.xctest; sourceTree = BUILT_PRODUCTS_DIR; };
		366BC4B82E3E2A22001581B3 /* Kompas.idUITests.xctest */ = {isa = PBXFileReference; explicitFileType = wrapper.cfbundle; includeInIndex = 0; path = Kompas.idUITests.xctest; sourceTree = BUILT_PRODUCTS_DIR; };
/* End PBXFileReference section */

/* Begin PBXFileSystemSynchronizedBuildFileExceptionSet section */
		366BC4C02E3E2A22001581B3 /* Exceptions for "Kompas.id" folder in "Kompas.id" target */ = {
			isa = PBXFileSystemSynchronizedBuildFileExceptionSet;
			membershipExceptions = (
				Info.plist,
			);
			target = 366BC4942E3E2A21001581B3 /* Kompas.id */;
		};
/* End PBXFileSystemSynchronizedBuildFileExceptionSet section */

/* Begin PBXFileSystemSynchronizedRootGroup section */
		366BC4972E3E2A21001581B3 /* Kompas.id */ = {
			isa = PBXFileSystemSynchronizedRootGroup;
			exceptions = (
				366BC4C02E3E2A22001581B3 /* Exceptions for "Kompas.id" folder in "Kompas.id" target */,
			);
			path = Kompas.id;
			sourceTree = "<group>";
		};
		366BC4B12E3E2A22001581B3 /* Kompas.idTests */ = {
			isa = PBXFileSystemSynchronizedRootGroup;
			path = Kompas.idTests;
			sourceTree = "<group>";
		};
		366BC4BB2E3E2A22001581B3 /* Kompas.idUITests */ = {
			isa = PBXFileSystemSynchronizedRootGroup;
			path = Kompas.idUITests;
			sourceTree = "<group>";
		};
/* End PBXFileSystemSynchronizedRootGroup section */

/* Begin PBXFrameworksBuildPhase section */
		366BC4922E3E2A21001581B3 /* Frameworks */ = {
			isa = PBXFrameworksBuildPhase;
			buildActionMask = 2147483647;
			files = (
				366BC4DD2E3F0957001581B3 /* SnapKit in Frameworks */,
				366BC4DA2E3F094A001581B3 /* RxRelay in Frameworks */,
				366BC4E02E3F096A001581B3 /* SDWebImage in Frameworks */,
				366BC4D82E3F094A001581B3 /* RxCocoa in Frameworks */,
			);
			runOnlyForDeploymentPostprocessing = 0;
		};
		366BC4AB2E3E2A22001581B3 /* Frameworks */ = {
			isa = PBXFrameworksBuildPhase;
			buildActionMask = 2147483647;
			files = (
			);
			runOnlyForDeploymentPostprocessing = 0;
		};
		366BC4B52E3E2A22001581B3 /* Frameworks */ = {
			isa = PBXFrameworksBuildPhase;
			buildActionMask = 2147483647;
			files = (
			);
			runOnlyForDeploymentPostprocessing = 0;
		};
/* End PBXFrameworksBuildPhase section */

/* Begin PBXGroup section */
		366BC48C2E3E2A21001581B3 = {
			isa = PBXGroup;
			children = (
				366BC4972E3E2A21001581B3 /* Kompas.id */,
				366BC4B12E3E2A22001581B3 /* Kompas.idTests */,
				366BC4BB2E3E2A22001581B3 /* Kompas.idUITests */,
				366BC4962E3E2A21001581B3 /* Products */,
			);
			sourceTree = "<group>";
		};
		366BC4962E3E2A21001581B3 /* Products */ = {
			isa = PBXGroup;
			children = (
				366BC4952E3E2A21001581B3 /* Kompas.id.app */,
				366BC4AE2E3E2A22001581B3 /* Kompas.idTests.xctest */,
				366BC4B82E3E2A22001581B3 /* Kompas.idUITests.xctest */,
			);
			name = Products;
			sourceTree = "<group>";
		};
/* End PBXGroup section */

/* Begin PBXNativeTarget section */
		366BC4942E3E2A21001581B3 /* Kompas.id */ = {
			isa = PBXNativeTarget;
			buildConfigurationList = 366BC4C12E3E2A22001581B3 /* Build configuration list for PBXNativeTarget "Kompas.id" */;
			buildPhases = (
				366BC4912E3E2A21001581B3 /* Sources */,
				366BC4922E3E2A21001581B3 /* Frameworks */,
				366BC4932E3E2A21001581B3 /* Resources */,
			);
			buildRules = (
			);
			dependencies = (
			);
			fileSystemSynchronizedGroups = (
				366BC4972E3E2A21001581B3 /* Kompas.id */,
			);
			name = Kompas.id;
			packageProductDependencies = (
				366BC4D72E3F094A001581B3 /* RxCocoa */,
				366BC4D92E3F094A001581B3 /* RxRelay */,
				366BC4DC2E3F0957001581B3 /* SnapKit */,
				366BC4DF2E3F096A001581B3 /* SDWebImage */,
			);
			productName = Kompas.id;
			productReference = 366BC4952E3E2A21001581B3 /* Kompas.id.app */;
			productType = "com.apple.product-type.application";
		};
		366BC4AD2E3E2A22001581B3 /* Kompas.idTests */ = {
			isa = PBXNativeTarget;
			buildConfigurationList = 366BC4C62E3E2A22001581B3 /* Build configuration list for PBXNativeTarget "Kompas.idTests" */;
			buildPhases = (
				366BC4AA2E3E2A22001581B3 /* Sources */,
				366BC4AB2E3E2A22001581B3 /* Frameworks */,
				366BC4AC2E3E2A22001581B3 /* Resources */,
			);
			buildRules = (
			);
			dependencies = (
				366BC4B02E3E2A22001581B3 /* PBXTargetDependency */,
			);
			fileSystemSynchronizedGroups = (
				366BC4B12E3E2A22001581B3 /* Kompas.idTests */,
			);
			name = Kompas.idTests;
			packageProductDependencies = (
			);
			productName = Kompas.idTests;
			productReference = 366BC4AE2E3E2A22001581B3 /* Kompas.idTests.xctest */;
			productType = "com.apple.product-type.bundle.unit-test";
		};
		366BC4B72E3E2A22001581B3 /* Kompas.idUITests */ = {
			isa = PBXNativeTarget;
			buildConfigurationList = 366BC4C92E3E2A22001581B3 /* Build configuration list for PBXNativeTarget "Kompas.idUITests" */;
			buildPhases = (
				366BC4B42E3E2A22001581B3 /* Sources */,
				366BC4B52E3E2A22001581B3 /* Frameworks */,
				366BC4B62E3E2A22001581B3 /* Resources */,
			);
			buildRules = (
			);
			dependencies = (
				366BC4BA2E3E2A22001581B3 /* PBXTargetDependency */,
			);
			fileSystemSynchronizedGroups = (
				366BC4BB2E3E2A22001581B3 /* Kompas.idUITests */,
			);
			name = Kompas.idUITests;
			packageProductDependencies = (
			);
			productName = Kompas.idUITests;
			productReference = 366BC4B82E3E2A22001581B3 /* Kompas.idUITests.xctest */;
			productType = "com.apple.product-type.bundle.ui-testing";
		};
/* End PBXNativeTarget section */

/* Begin PBXProject section */
		366BC48D2E3E2A21001581B3 /* Project object */ = {
			isa = PBXProject;
			attributes = {
				BuildIndependentTargetsInParallel = 1;
				LastSwiftUpdateCheck = 1620;
				LastUpgradeCheck = 1620;
				TargetAttributes = {
					366BC4942E3E2A21001581B3 = {
						CreatedOnToolsVersion = 16.2;
					};
					366BC4AD2E3E2A22001581B3 = {
						CreatedOnToolsVersion = 16.2;
						TestTargetID = 366BC4942E3E2A21001581B3;
					};
					366BC4B72E3E2A22001581B3 = {
						CreatedOnToolsVersion = 16.2;
						TestTargetID = 366BC4942E3E2A21001581B3;
					};
				};
			};
			buildConfigurationList = 366BC4902E3E2A21001581B3 /* Build configuration list for PBXProject "Kompas.id" */;
			developmentRegion = en;
			hasScannedForEncodings = 0;
			knownRegions = (
				en,
				Base,
			);
			mainGroup = 366BC48C2E3E2A21001581B3;
			minimizedProjectReferenceProxies = 1;
			packageReferences = (
				366BC4D62E3F094A001581B3 /* XCRemoteSwiftPackageReference "RxSwift" */,
				366BC4DB2E3F0957001581B3 /* XCRemoteSwiftPackageReference "SnapKit" */,
				366BC4DE2E3F096A001581B3 /* XCRemoteSwiftPackageReference "SDWebImage" */,
			);
			preferredProjectObjectVersion = 77;
			productRefGroup = 366BC4962E3E2A21001581B3 /* Products */;
			projectDirPath = "";
			projectRoot = "";
			targets = (
				366BC4942E3E2A21001581B3 /* Kompas.id */,
				366BC4AD2E3E2A22001581B3 /* Kompas.idTests */,
				366BC4B72E3E2A22001581B3 /* Kompas.idUITests */,
			);
		};
/* End PBXProject section */

/* Begin PBXResourcesBuildPhase section */
		366BC4932E3E2A21001581B3 /* Resources */ = {
			isa = PBXResourcesBuildPhase;
			buildActionMask = 2147483647;
			files = (
			);
			runOnlyForDeploymentPostprocessing = 0;
		};
		366BC4AC2E3E2A22001581B3 /* Resources */ = {
			isa = PBXResourcesBuildPhase;
			buildActionMask = 2147483647;
			files = (
			);
			runOnlyForDeploymentPostprocessing = 0;
		};
		366BC4B62E3E2A22001581B3 /* Resources */ = {
			isa = PBXResourcesBuildPhase;
			buildActionMask = 2147483647;
			files = (
			);
			runOnlyForDeploymentPostprocessing = 0;
		};
/* End PBXResourcesBuildPhase section */

/* Begin PBXSourcesBuildPhase section */
		366BC4912E3E2A21001581B3 /* Sources */ = {
			isa = PBXSourcesBuildPhase;
			buildActionMask = 2147483647;
			files = (
			);
			runOnlyForDeploymentPostprocessing = 0;
		};
		366BC4AA2E3E2A22001581B3 /* Sources */ = {
			isa = PBXSourcesBuildPhase;
			buildActionMask = 2147483647;
			files = (
			);
			runOnlyForDeploymentPostprocessing = 0;
		};
		366BC4B42E3E2A22001581B3 /* Sources */ = {
			isa = PBXSourcesBuildPhase;
			buildActionMask = 2147483647;
			files = (
			);
			runOnlyForDeploymentPostprocessing = 0;
		};
/* End PBXSourcesBuildPhase section */

/* Begin PBXTargetDependency section */
		366BC4B02E3E2A22001581B3 /* PBXTargetDependency */ = {
			isa = PBXTargetDependency;
			target = 366BC4942E3E2A21001581B3 /* Kompas.id */;
			targetProxy = 366BC4AF2E3E2A22001581B3 /* PBXContainerItemProxy */;
		};
		366BC4BA2E3E2A22001581B3 /* PBXTargetDependency */ = {
			isa = PBXTargetDependency;
			target = 366BC4942E3E2A21001581B3 /* Kompas.id */;
			targetProxy = 366BC4B92E3E2A22001581B3 /* PBXContainerItemProxy */;
		};
/* End PBXTargetDependency section */

/* Begin XCBuildConfiguration section */
		366BC4C22E3E2A22001581B3 /* Debug */ = {
			isa = XCBuildConfiguration;
			buildSettings = {
				ASSETCATALOG_COMPILER_APPICON_NAME = AppIcon;
				ASSETCATALOG_COMPILER_GLOBAL_ACCENT_COLOR_NAME = AccentColor;
				CODE_SIGN_STYLE = Automatic;
				CURRENT_PROJECT_VERSION = 1;
				DEVELOPMENT_TEAM = BUCRR7AG89;
				GENERATE_INFOPLIST_FILE = YES;
				INFOPLIST_FILE = Kompas.id/Info.plist;
				INFOPLIST_KEY_UIApplicationSupportsIndirectInputEvents = YES;
				INFOPLIST_KEY_UILaunchStoryboardName = LaunchScreen;
				INFOPLIST_KEY_UISupportedInterfaceOrientations_iPad = "UIInterfaceOrientationPortrait UIInterfaceOrientationPortraitUpsideDown UIInterfaceOrientationLandscapeLeft UIInterfaceOrientationLandscapeRight";
				INFOPLIST_KEY_UISupportedInterfaceOrientations_iPhone = "UIInterfaceOrientationPortrait UIInterfaceOrientationLandscapeLeft UIInterfaceOrientationLandscapeRight";
				IPHONEOS_DEPLOYMENT_TARGET = 13;
				LD_RUNPATH_SEARCH_PATHS = (
					"$(inherited)",
					"@executable_path/Frameworks",
				);
				MARKETING_VERSION = 1.0;
				PRODUCT_BUNDLE_IDENTIFIER = "farhan.Kompas-id";
				PRODUCT_NAME = "$(TARGET_NAME)";
				SWIFT_EMIT_LOC_STRINGS = YES;
				SWIFT_VERSION = 5.0;
				TARGETED_DEVICE_FAMILY = "1,2";
			};
			name = Debug;
		};
		366BC4C32E3E2A22001581B3 /* Release */ = {
			isa = XCBuildConfiguration;
			buildSettings = {
				ASSETCATALOG_COMPILER_APPICON_NAME = AppIcon;
				ASSETCATALOG_COMPILER_GLOBAL_ACCENT_COLOR_NAME = AccentColor;
				CODE_SIGN_STYLE = Automatic;
				CURRENT_PROJECT_VERSION = 1;
				DEVELOPMENT_TEAM = BUCRR7AG89;
				GENERATE_INFOPLIST_FILE = YES;
				INFOPLIST_FILE = Kompas.id/Info.plist;
				INFOPLIST_KEY_UIApplicationSupportsIndirectInputEvents = YES;
				INFOPLIST_KEY_UILaunchStoryboardName = LaunchScreen;
				INFOPLIST_KEY_UISupportedInterfaceOrientations_iPad = "UIInterfaceOrientationPortrait UIInterfaceOrientationPortraitUpsideDown UIInterfaceOrientationLandscapeLeft UIInterfaceOrientationLandscapeRight";
				INFOPLIST_KEY_UISupportedInterfaceOrientations_iPhone = "UIInterfaceOrientationPortrait UIInterfaceOrientationLandscapeLeft UIInterfaceOrientationLandscapeRight";
				IPHONEOS_DEPLOYMENT_TARGET = 13;
				LD_RUNPATH_SEARCH_PATHS = (
					"$(inherited)",
					"@executable_path/Frameworks",
				);
				MARKETING_VERSION = 1.0;
				PRODUCT_BUNDLE_IDENTIFIER = "farhan.Kompas-id";
				PRODUCT_NAME = "$(TARGET_NAME)";
				SWIFT_EMIT_LOC_STRINGS = YES;
				SWIFT_VERSION = 5.0;
				TARGETED_DEVICE_FAMILY = "1,2";
			};
			name = Release;
		};
		366BC4C42E3E2A22001581B3 /* Debug */ = {
			isa = XCBuildConfiguration;
			buildSettings = {
				ALWAYS_SEARCH_USER_PATHS = NO;
				ASSETCATALOG_COMPILER_GENERATE_SWIFT_ASSET_SYMBOL_EXTENSIONS = YES;
				CLANG_ANALYZER_NONNULL = YES;
				CLANG_ANALYZER_NUMBER_OBJECT_CONVERSION = YES_AGGRESSIVE;
				CLANG_CXX_LANGUAGE_STANDARD = "gnu++20";
				CLANG_ENABLE_MODULES = YES;
				CLANG_ENABLE_OBJC_ARC = YES;
				CLANG_ENABLE_OBJC_WEAK = YES;
				CLANG_WARN_BLOCK_CAPTURE_AUTORELEASING = YES;
				CLANG_WARN_BOOL_CONVERSION = YES;
				CLANG_WARN_COMMA = YES;
				CLANG_WARN_CONSTANT_CONVERSION = YES;
				CLANG_WARN_DEPRECATED_OBJC_IMPLEMENTATIONS = YES;
				CLANG_WARN_DIRECT_OBJC_ISA_USAGE = YES_ERROR;
				CLANG_WARN_DOCUMENTATION_COMMENTS = YES;
				CLANG_WARN_EMPTY_BODY = YES;
				CLANG_WARN_ENUM_CONVERSION = YES;
				CLANG_WARN_INFINITE_RECURSION = YES;
				CLANG_WARN_INT_CONVERSION = YES;
				CLANG_WARN_NON_LITERAL_NULL_CONVERSION = YES;
				CLANG_WARN_OBJC_IMPLICIT_RETAIN_SELF = YES;
				CLANG_WARN_OBJC_LITERAL_CONVERSION = YES;
				CLANG_WARN_OBJC_ROOT_CLASS = YES_ERROR;
				CLANG_WARN_QUOTED_INCLUDE_IN_FRAMEWORK_HEADER = YES;
				CLANG_WARN_RANGE_LOOP_ANALYSIS = YES;
				CLANG_WARN_STRICT_PROTOTYPES = YES;
				CLANG_WARN_SUSPICIOUS_MOVE = YES;
				CLANG_WARN_UNGUARDED_AVAILABILITY = YES_AGGRESSIVE;
				CLANG_WARN_UNREACHABLE_CODE = YES;
				CLANG_WARN__DUPLICATE_METHOD_MATCH = YES;
				COPY_PHASE_STRIP = NO;
				DEBUG_INFORMATION_FORMAT = dwarf;
				ENABLE_STRICT_OBJC_MSGSEND = YES;
				ENABLE_TESTABILITY = YES;
				ENABLE_USER_SCRIPT_SANDBOXING = YES;
				GCC_C_LANGUAGE_STANDARD = gnu17;
				GCC_DYNAMIC_NO_PIC = NO;
				GCC_NO_COMMON_BLOCKS = YES;
				GCC_OPTIMIZATION_LEVEL = 0;
				GCC_PREPROCESSOR_DEFINITIONS = (
					"DEBUG=1",
					"$(inherited)",
				);
				GCC_WARN_64_TO_32_BIT_CONVERSION = YES;
				GCC_WARN_ABOUT_RETURN_TYPE = YES_ERROR;
				GCC_WARN_UNDECLARED_SELECTOR = YES;
				GCC_WARN_UNINITIALIZED_AUTOS = YES_AGGRESSIVE;
				GCC_WARN_UNUSED_FUNCTION = YES;
				GCC_WARN_UNUSED_VARIABLE = YES;
				IPHONEOS_DEPLOYMENT_TARGET = 18.2;
				LOCALIZATION_PREFERS_STRING_CATALOGS = YES;
				MTL_ENABLE_DEBUG_INFO = INCLUDE_SOURCE;
				MTL_FAST_MATH = YES;
				ONLY_ACTIVE_ARCH = YES;
				SDKROOT = iphoneos;
				SWIFT_ACTIVE_COMPILATION_CONDITIONS = "DEBUG $(inherited)";
				SWIFT_OPTIMIZATION_LEVEL = "-Onone";
			};
			name = Debug;
		};
		366BC4C52E3E2A22001581B3 /* Release */ = {
			isa = XCBuildConfiguration;
			buildSettings = {
				ALWAYS_SEARCH_USER_PATHS = NO;
				ASSETCATALOG_COMPILER_GENERATE_SWIFT_ASSET_SYMBOL_EXTENSIONS = YES;
				CLANG_ANALYZER_NONNULL = YES;
				CLANG_ANALYZER_NUMBER_OBJECT_CONVERSION = YES_AGGRESSIVE;
				CLANG_CXX_LANGUAGE_STANDARD = "gnu++20";
				CLANG_ENABLE_MODULES = YES;
				CLANG_ENABLE_OBJC_ARC = YES;
				CLANG_ENABLE_OBJC_WEAK = YES;
				CLANG_WARN_BLOCK_CAPTURE_AUTORELEASING = YES;
				CLANG_WARN_BOOL_CONVERSION = YES;
				CLANG_WARN_COMMA = YES;
				CLANG_WARN_CONSTANT_CONVERSION = YES;
				CLANG_WARN_DEPRECATED_OBJC_IMPLEMENTATIONS = YES;
				CLANG_WARN_DIRECT_OBJC_ISA_USAGE = YES_ERROR;
				CLANG_WARN_DOCUMENTATION_COMMENTS = YES;
				CLANG_WARN_EMPTY_BODY = YES;
				CLANG_WARN_ENUM_CONVERSION = YES;
				CLANG_WARN_INFINITE_RECURSION = YES;
				CLANG_WARN_INT_CONVERSION = YES;
				CLANG_WARN_NON_LITERAL_NULL_CONVERSION = YES;
				CLANG_WARN_OBJC_IMPLICIT_RETAIN_SELF = YES;
				CLANG_WARN_OBJC_LITERAL_CONVERSION = YES;
				CLANG_WARN_OBJC_ROOT_CLASS = YES_ERROR;
				CLANG_WARN_QUOTED_INCLUDE_IN_FRAMEWORK_HEADER = YES;
				CLANG_WARN_RANGE_LOOP_ANALYSIS = YES;
				CLANG_WARN_STRICT_PROTOTYPES = YES;
				CLANG_WARN_SUSPICIOUS_MOVE = YES;
				CLANG_WARN_UNGUARDED_AVAILABILITY = YES_AGGRESSIVE;
				CLANG_WARN_UNREACHABLE_CODE = YES;
				CLANG_WARN__DUPLICATE_METHOD_MATCH = YES;
				COPY_PHASE_STRIP = NO;
				DEBUG_INFORMATION_FORMAT = "dwarf-with-dsym";
				ENABLE_NS_ASSERTIONS = NO;
				ENABLE_STRICT_OBJC_MSGSEND = YES;
				ENABLE_USER_SCRIPT_SANDBOXING = YES;
				GCC_C_LANGUAGE_STANDARD = gnu17;
				GCC_NO_COMMON_BLOCKS = YES;
				GCC_WARN_64_TO_32_BIT_CONVERSION = YES;
				GCC_WARN_ABOUT_RETURN_TYPE = YES_ERROR;
				GCC_WARN_UNDECLARED_SELECTOR = YES;
				GCC_WARN_UNINITIALIZED_AUTOS = YES_AGGRESSIVE;
				GCC_WARN_UNUSED_FUNCTION = YES;
				GCC_WARN_UNUSED_VARIABLE = YES;
				IPHONEOS_DEPLOYMENT_TARGET = 18.2;
				LOCALIZATION_PREFERS_STRING_CATALOGS = YES;
				MTL_ENABLE_DEBUG_INFO = NO;
				MTL_FAST_MATH = YES;
				SDKROOT = iphoneos;
				SWIFT_COMPILATION_MODE = wholemodule;
				VALIDATE_PRODUCT = YES;
			};
			name = Release;
		};
		366BC4C72E3E2A22001581B3 /* Debug */ = {
			isa = XCBuildConfiguration;
			buildSettings = {
				BUNDLE_LOADER = "$(TEST_HOST)";
				CODE_SIGN_STYLE = Automatic;
				CURRENT_PROJECT_VERSION = 1;
				DEVELOPMENT_TEAM = BUCRR7AG89;
				GENERATE_INFOPLIST_FILE = YES;
				IPHONEOS_DEPLOYMENT_TARGET = 18.2;
				MARKETING_VERSION = 1.0;
				PRODUCT_BUNDLE_IDENTIFIER = "farhan.Kompas-idTests";
				PRODUCT_NAME = "$(TARGET_NAME)";
				SWIFT_EMIT_LOC_STRINGS = NO;
				SWIFT_VERSION = 5.0;
				TARGETED_DEVICE_FAMILY = "1,2";
				TEST_HOST = "$(BUILT_PRODUCTS_DIR)/Kompas.id.app/$(BUNDLE_EXECUTABLE_FOLDER_PATH)/Kompas.id";
			};
			name = Debug;
		};
		366BC4C82E3E2A22001581B3 /* Release */ = {
			isa = XCBuildConfiguration;
			buildSettings = {
				BUNDLE_LOADER = "$(TEST_HOST)";
				CODE_SIGN_STYLE = Automatic;
				CURRENT_PROJECT_VERSION = 1;
				DEVELOPMENT_TEAM = BUCRR7AG89;
				GENERATE_INFOPLIST_FILE = YES;
				IPHONEOS_DEPLOYMENT_TARGET = 18.2;
				MARKETING_VERSION = 1.0;
				PRODUCT_BUNDLE_IDENTIFIER = "farhan.Kompas-idTests";
				PRODUCT_NAME = "$(TARGET_NAME)";
				SWIFT_EMIT_LOC_STRINGS = NO;
				SWIFT_VERSION = 5.0;
				TARGETED_DEVICE_FAMILY = "1,2";
				TEST_HOST = "$(BUILT_PRODUCTS_DIR)/Kompas.id.app/$(BUNDLE_EXECUTABLE_FOLDER_PATH)/Kompas.id";
			};
			name = Release;
		};
		366BC4CA2E3E2A22001581B3 /* Debug */ = {
			isa = XCBuildConfiguration;
			buildSettings = {
				CODE_SIGN_STYLE = Automatic;
				CURRENT_PROJECT_VERSION = 1;
				DEVELOPMENT_TEAM = BUCRR7AG89;
				GENERATE_INFOPLIST_FILE = YES;
				MARKETING_VERSION = 1.0;
				PRODUCT_BUNDLE_IDENTIFIER = "farhan.Kompas-idUITests";
				PRODUCT_NAME = "$(TARGET_NAME)";
				SWIFT_EMIT_LOC_STRINGS = NO;
				SWIFT_VERSION = 5.0;
				TARGETED_DEVICE_FAMILY = "1,2";
				TEST_TARGET_NAME = Kompas.id;
			};
			name = Debug;
		};
		366BC4CB2E3E2A22001581B3 /* Release */ = {
			isa = XCBuildConfiguration;
			buildSettings = {
				CODE_SIGN_STYLE = Automatic;
				CURRENT_PROJECT_VERSION = 1;
				DEVELOPMENT_TEAM = BUCRR7AG89;
				GENERATE_INFOPLIST_FILE = YES;
				MARKETING_VERSION = 1.0;
				PRODUCT_BUNDLE_IDENTIFIER = "farhan.Kompas-idUITests";
				PRODUCT_NAME = "$(TARGET_NAME)";
				SWIFT_EMIT_LOC_STRINGS = NO;
				SWIFT_VERSION = 5.0;
				TARGETED_DEVICE_FAMILY = "1,2";
				TEST_TARGET_NAME = Kompas.id;
			};
			name = Release;
		};
/* End XCBuildConfiguration section */

/* Begin XCConfigurationList section */
		366BC4902E3E2A21001581B3 /* Build configuration list for PBXProject "Kompas.id" */ = {
			isa = XCConfigurationList;
			buildConfigurations = (
				366BC4C42E3E2A22001581B3 /* Debug */,
				366BC4C52E3E2A22001581B3 /* Release */,
			);
			defaultConfigurationIsVisible = 0;
			defaultConfigurationName = Release;
		};
		366BC4C12E3E2A22001581B3 /* Build configuration list for PBXNativeTarget "Kompas.id" */ = {
			isa = XCConfigurationList;
			buildConfigurations = (
				366BC4C22E3E2A22001581B3 /* Debug */,
				366BC4C32E3E2A22001581B3 /* Release */,
			);
			defaultConfigurationIsVisible = 0;
			defaultConfigurationName = Release;
		};
		366BC4C62E3E2A22001581B3 /* Build configuration list for PBXNativeTarget "Kompas.idTests" */ = {
			isa = XCConfigurationList;
			buildConfigurations = (
				366BC4C72E3E2A22001581B3 /* Debug */,
				366BC4C82E3E2A22001581B3 /* Release */,
			);
			defaultConfigurationIsVisible = 0;
			defaultConfigurationName = Release;
		};
		366BC4C92E3E2A22001581B3 /* Build configuration list for PBXNativeTarget "Kompas.idUITests" */ = {
			isa = XCConfigurationList;
			buildConfigurations = (
				366BC4CA2E3E2A22001581B3 /* Debug */,
				366BC4CB2E3E2A22001581B3 /* Release */,
			);
			defaultConfigurationIsVisible = 0;
			defaultConfigurationName = Release;
		};
/* End XCConfigurationList section */

/* Begin XCRemoteSwiftPackageReference section */
		366BC4D62E3F094A001581B3 /* XCRemoteSwiftPackageReference "RxSwift" */ = {
			isa = XCRemoteSwiftPackageReference;
			repositoryURL = "https://github.com/ReactiveX/RxSwift";
			requirement = {
				kind = upToNextMajorVersion;
				minimumVersion = 6.9.0;
			};
		};
		366BC4DB2E3F0957001581B3 /* XCRemoteSwiftPackageReference "SnapKit" */ = {
			isa = XCRemoteSwiftPackageReference;
			repositoryURL = "https://github.com/SnapKit/SnapKit";
			requirement = {
				kind = upToNextMajorVersion;
				minimumVersion = 5.7.1;
			};
		};
		366BC4DE2E3F096A001581B3 /* XCRemoteSwiftPackageReference "SDWebImage" */ = {
			isa = XCRemoteSwiftPackageReference;
			repositoryURL = "https://github.com/SDWebImage/SDWebImage";
			requirement = {
				kind = upToNextMajorVersion;
				minimumVersion = 5.21.1;
			};
		};
/* End XCRemoteSwiftPackageReference section */

/* Begin XCSwiftPackageProductDependency section */
		366BC4D72E3F094A001581B3 /* RxCocoa */ = {
			isa = XCSwiftPackageProductDependency;
			package = 366BC4D62E3F094A001581B3 /* XCRemoteSwiftPackageReference "RxSwift" */;
			productName = RxCocoa;
		};
		366BC4D92E3F094A001581B3 /* RxRelay */ = {
			isa = XCSwiftPackageProductDependency;
			package = 366BC4D62E3F094A001581B3 /* XCRemoteSwiftPackageReference "RxSwift" */;
			productName = RxRelay;
		};
		366BC4DC2E3F0957001581B3 /* SnapKit */ = {
			isa = XCSwiftPackageProductDependency;
			package = 366BC4DB2E3F0957001581B3 /* XCRemoteSwiftPackageReference "SnapKit" */;
			productName = SnapKit;
		};
		366BC4DF2E3F096A001581B3 /* SDWebImage */ = {
			isa = XCSwiftPackageProductDependency;
			package = 366BC4DE2E3F096A001581B3 /* XCRemoteSwiftPackageReference "SDWebImage" */;
			productName = SDWebImage;
		};
/* End XCSwiftPackageProductDependency section */
	};
	rootObject = 366BC48D2E3E2A21001581B3 /* Project object */;
}
